
Microsoft Visual Studio Solution File, Format Version 12.00
# Visual Studio Version 16
VisualStudioVersion = 16.0.31624.102
MinimumVisualStudioVersion = 10.0.40219.1
Project("{9A19103F-16F7-4668-BE54-9A1E7A4F7556}") = "CreateTITpe", "CreateTITpe\CreateTITpe.csproj", "{B38F6A3E-4B4A-487A-8999-4D85DC5BE22E}"
EndProject
Project("{9A19103F-16F7-4668-BE54-9A1E7A4F7556}") = "MyFiles", "MyFiles\MyFiles.csproj", "{3399D702-98D3-4AE5-9D39-D1D150DF1C00}"
EndProject
Project("{9A19103F-16F7-4668-BE54-9A1E7A4F7556}") = "RandomQuote", "RandomQuote\RandomQuote.csproj", "{B825BE4A-1C9F-4623-B181-DEE174854B48}"
EndProject
Project("{FAE04EC0-301F-11D3-BF4B-00C04F79EFBC}") = "ToDoList", "ToDoList\ToDoList.csproj", "{8FDF35E1-F021-440E-BB32-C9F54C7A38AF}"
EndProject
Global
	GlobalSection(SolutionConfigurationPlatforms) = preSolution
		Debug|Any CPU = Debug|Any CPU
		Release|Any CPU = Release|Any CPU
	EndGlobalSection
	GlobalSection(ProjectConfigurationPlatforms) = postSolution
		{B38F6A3E-4B4A-487A-8999-4D85DC5BE22E}.Debug|Any CPU.ActiveCfg = Debug|Any CPU
		{B38F6A3E-4B4A-487A-8999-4D85DC5BE22E}.Debug|Any CPU.Build.0 = Debug|Any CPU
		{B38F6A3E-4B4A-487A-8999-4D85DC5BE22E}.Release|Any CPU.ActiveCfg = Release|Any CPU
		{B38F6A3E-4B4A-487A-8999-4D85DC5BE22E}.Release|Any CPU.Build.0 = Release|Any CPU
		{3399D702-98D3-4AE5-9D39-D1D150DF1C00}.Debug|Any CPU.ActiveCfg = Debug|Any CPU
		{3399D702-98D3-4AE5-9D39-D1D150DF1C00}.Debug|Any CPU.Build.0 = Debug|Any CPU
		{3399D702-98D3-4AE5-9D39-D1D150DF1C00}.Release|Any CPU.ActiveCfg = Release|Any CPU
		{3399D702-98D3-4AE5-9D39-D1D150DF1C00}.Release|Any CPU.Build.0 = Release|Any CPU
		{B825BE4A-1C9F-4623-B181-DEE174854B48}.Debug|Any CPU.ActiveCfg = Debug|Any CPU
		{B825BE4A-1C9F-4623-B181-DEE174854B48}.Debug|Any CPU.Build.0 = Debug|Any CPU
		{B825BE4A-1C9F-4623-B181-DEE174854B48}.Release|Any CPU.ActiveCfg = Release|Any CPU
		{B825BE4A-1C9F-4623-B181-DEE174854B48}.Release|Any CPU.Build.0 = Release|Any CPU
		{8FDF35E1-F021-440E-BB32-C9F54C7A38AF}.Debug|Any CPU.ActiveCfg = Debug|Any CPU
		{8FDF35E1-F021-440E-BB32-C9F54C7A38AF}.Debug|Any CPU.Build.0 = Debug|Any CPU
		{8FDF35E1-F021-440E-BB32-C9F54C7A38AF}.Release|Any CPU.ActiveCfg = Release|Any CPU
		{8FDF35E1-F021-440E-BB32-C9F54C7A38AF}.Release|Any CPU.Build.0 = Release|Any CPU
	EndGlobalSection
	GlobalSection(SolutionProperties) = preSolution
		HideSolutionNode = FALSE
	EndGlobalSection
	GlobalSection(ExtensibilityGlobals) = postSolution
		SolutionGuid = {04990D82-0C80-4C03-AE0F-5C142CA645D0}
	EndGlobalSection
EndGlobal
